
Microsoft Visual Studio Solution File, Format Version 12.00
# Visual Studio Version 16
VisualStudioVersion = 16.0.29728.190
MinimumVisualStudioVersion = 10.0.40219.1
Project("{FAE04EC0-301F-11D3-BF4B-00C04F79EFBC}") = "ToDoApi", "ToDoApi\ToDoApi.csproj", "{FC0574D5-44C1-49B7-94D3-1BB5C313D30D}"
EndProject
Global
	GlobalSection(SolutionConfigurationPlatforms) = preSolution
		Debug|Any CPU = Debug|Any CPU
		Release|Any CPU = Release|Any CPU
	EndGlobalSection
	GlobalSection(ProjectConfigurationPlatforms) = postSolution
		{FC0574D5-44C1-49B7-94D3-1BB5C313D30D}.Debug|Any CPU.ActiveCfg = Debug|Any CPU
		{FC0574D5-44C1-49B7-94D3-1BB5C313D30D}.Debug|Any CPU.Build.0 = Debug|Any CPU
		{FC0574D5-44C1-49B7-94D3-1BB5C313D30D}.Release|Any CPU.ActiveCfg = Release|Any CPU
		{FC0574D5-44C1-49B7-94D3-1BB5C313D30D}.Release|Any CPU.Build.0 = Release|Any CPU
	EndGlobalSection
	GlobalSection(SolutionProperties) = preSolution
		HideSolutionNode = FALSE
	EndGlobalSection
	GlobalSection(ExtensibilityGlobals) = postSolution
		SolutionGuid = {27905606-9422-4E9C-8C28-00BB6A4428D3}
	EndGlobalSection
EndGlobal
